<?xml version="1.0" encoding="utf-8"?>
<Project ToolsVersion="4.0" xmlns="http://schemas.microsoft.com/developer/msbuild/2003">
  <ItemGroup>
    <Filter Include="Исходные файлы">
      <UniqueIdentifier>{4FC737F1-C7A5-4376-A066-2A32D752A2FF}</UniqueIdentifier>
      <Extensions>cpp;c;cc;cxx;def;odl;idl;hpj;bat;asm;asmx</Extensions>
    </Filter>
    <Filter Include="Файлы заголовков">
      <UniqueIdentifier>{93995380-89BD-4b04-88EB-625FBE52EBFB}</UniqueIdentifier>
      <Extensions>h;hh;hpp;hxx;hm;inl;inc;ipp;xsd</Extensions>
    </Filter>
    <Filter Include="Файлы ресурсов">
      <UniqueIdentifier>{67DA6AB6-F800-4c08-8B7A-83BB121AAD01}</UniqueIdentifier>
      <Extensions>rc;ico;cur;bmp;dlg;rc2;rct;bin;rgs;gif;jpg;jpeg;jpe;resx;tiff;tif;png;wav;mfcribbon-ms</Extensions>
    </Filter>
    <Filter Include="Test">
      <UniqueIdentifier>{69889dab-065c-4d10-bb3c-264f7bad4316}</UniqueIdentifier>
    </Filter>
    <Filter Include="Test\Algorithm">
      <UniqueIdentifier>{98c90eb0-8f2a-4773-89aa-2af1e93031f0}</UniqueIdentifier>
    </Filter>
    <Filter Include="Test\DataStructure">
      <UniqueIdentifier>{db39a45e-9daf-4661-a0f2-32f0bc11567b}</UniqueIdentifier>
    </Filter>
    <Filter Include="Test\Concept">
      <UniqueIdentifier>{0b772628-8665-46c2-af6c-903b7e789357}</UniqueIdentifier>
    </Filter>
    <Filter Include="Test\Algorithm\Search">
      <UniqueIdentifier>{4cf5fbb0-c33f-4072-91f1-73cfdd1dfcb2}</UniqueIdentifier>
    </Filter>
    <Filter Include="Test\Algorithm\Sort">
      <UniqueIdentifier>{7e0c0d33-9066-4add-b07d-a75a83d6ca79}</UniqueIdentifier>
    </Filter>
  </ItemGroup>
  <ItemGroup>
    <ClCompile Include="main.cpp">
      <Filter>Исходные файлы</Filter>
    </ClCompile>
    <ClCompile Include="stdafx.cpp">
      <Filter>Исходные файлы</Filter>
    </ClCompile>
    <ClCompile Include="Fibonacci_Test.cpp">
      <Filter>Test\Algorithm</Filter>
    </ClCompile>
    <ClCompile Include="Color_Test.cpp">
      <Filter>Test\Concept</Filter>
    </ClCompile>
    <ClCompile Include="BinarySearch_Test.cpp">
      <Filter>Test\Algorithm\Search</Filter>
    </ClCompile>
    <ClCompile Include="Sqrt_Test.cpp">
      <Filter>Test\Algorithm</Filter>
    </ClCompile>
    <ClCompile Include="PrimeNumber.cpp">
      <Filter>Test\Algorithm</Filter>
    </ClCompile>
    <ClCompile Include="LinkedList_Test.cpp">
      <Filter>Test\DataStructure</Filter>
    </ClCompile>
    <ClCompile Include="Gcd_Test.cpp">
      <Filter>Test\Algorithm</Filter>
    </ClCompile>
    <ClCompile Include="SelectionSort_Test.cpp">
      <Filter>Test\Algorithm\Sort</Filter>
    </ClCompile>
    <ClCompile Include="InsertionSort_Test.cpp">
      <Filter>Test\Algorithm\Sort</Filter>
    </ClCompile>
  </ItemGroup>
  <ItemGroup>
    <ClInclude Include="stdafx.h">
      <Filter>Файлы заголовков</Filter>
    </ClInclude>
  </ItemGroup>
</Project>