<?xml version="1.0" encoding="utf-8"?>
<Project ToolsVersion="4.0" xmlns="http://schemas.microsoft.com/developer/msbuild/2003">
  <ItemGroup>
    <Filter Include="Исходные файлы">
      <UniqueIdentifier>{4FC737F1-C7A5-4376-A066-2A32D752A2FF}</UniqueIdentifier>
      <Extensions>cpp;c;cc;cxx;def;odl;idl;hpj;bat;asm;asmx</Extensions>
    </Filter>
    <Filter Include="Файлы заголовков">
      <UniqueIdentifier>{93995380-89BD-4b04-88EB-625FBE52EBFB}</UniqueIdentifier>
      <Extensions>h;hh;hpp;hxx;hm;inl;inc;ipp;xsd</Extensions>
    </Filter>
    <Filter Include="Файлы ресурсов">
      <UniqueIdentifier>{67DA6AB6-F800-4c08-8B7A-83BB121AAD01}</UniqueIdentifier>
      <Extensions>rc;ico;cur;bmp;dlg;rc2;rct;bin;rgs;gif;jpg;jpeg;jpe;resx;tiff;tif;png;wav;mfcribbon-ms</Extensions>
    </Filter>
    <Filter Include="Исходные файлы\Search">
      <UniqueIdentifier>{178166f8-5169-4cdf-9075-c930b82b4641}</UniqueIdentifier>
    </Filter>
    <Filter Include="Файлы заголовков\Search">
      <UniqueIdentifier>{266a9e63-c22c-4b46-a116-204cc6ca5659}</UniqueIdentifier>
    </Filter>
    <Filter Include="Исходные файлы\Sort">
      <UniqueIdentifier>{69b12bcb-152b-4dc3-b5e0-bf373138cadc}</UniqueIdentifier>
    </Filter>
    <Filter Include="Файлы заголовков\Sort">
      <UniqueIdentifier>{3e3a964b-4fa1-4f05-995b-703d6d6701b8}</UniqueIdentifier>
    </Filter>
  </ItemGroup>
  <ItemGroup>
    <ClCompile Include="Fibonacci.cpp">
      <Filter>Исходные файлы</Filter>
    </ClCompile>
    <ClCompile Include="BinarySearch.cpp">
      <Filter>Исходные файлы\Search</Filter>
    </ClCompile>
    <ClCompile Include="Sqrt.cpp">
      <Filter>Исходные файлы</Filter>
    </ClCompile>
    <ClCompile Include="PrimeNumber.cpp">
      <Filter>Исходные файлы</Filter>
    </ClCompile>
    <ClCompile Include="Gcd.cpp">
      <Filter>Исходные файлы</Filter>
    </ClCompile>
    <ClCompile Include="SelectionSort.cpp">
      <Filter>Исходные файлы\Sort</Filter>
    </ClCompile>
    <ClCompile Include="InsertionSort.cpp">
      <Filter>Исходные файлы\Sort</Filter>
    </ClCompile>
    <ClCompile Include="BubbleSort.cpp">
      <Filter>Исходные файлы\Sort</Filter>
    </ClCompile>
    <ClCompile Include="ShellSort.cpp">
      <Filter>Исходные файлы\Sort</Filter>
    </ClCompile>
  </ItemGroup>
  <ItemGroup>
    <ClInclude Include="Fibonacci.h">
      <Filter>Файлы заголовков</Filter>
    </ClInclude>
    <ClInclude Include="BinarySearch.h">
      <Filter>Файлы заголовков\Search</Filter>
    </ClInclude>
    <ClInclude Include="Sqrt.h">
      <Filter>Файлы заголовков</Filter>
    </ClInclude>
    <ClInclude Include="PrimeNumber.h">
      <Filter>Файлы заголовков</Filter>
    </ClInclude>
    <ClInclude Include="Gcd.h">
      <Filter>Файлы заголовков</Filter>
    </ClInclude>
    <ClInclude Include="SelectionSort.h">
      <Filter>Файлы заголовков\Sort</Filter>
    </ClInclude>
    <ClInclude Include="InsertionSort.h">
      <Filter>Файлы заголовков\Sort</Filter>
    </ClInclude>
    <ClInclude Include="BubbleSort.h">
      <Filter>Файлы заголовков\Sort</Filter>
    </ClInclude>
    <ClInclude Include="ShellSort.h">
      <Filter>Файлы заголовков\Sort</Filter>
    </ClInclude>
  </ItemGroup>
</Project>